{
  "name": "il2cpphook",
  "lockfileVersion": 3,
  "requires": true,
  "packages": {
    "": {
      "devDependencies": {
        "frida-il2cpp-bridge": "^0.9.0"
      }
    },
    "node_modules/frida-il2cpp-bridge": {
      "version": "0.9.0",
      "resolved": "https://registry.npmjs.org/frida-il2cpp-bridge/-/frida-il2cpp-bridge-0.9.0.tgz",
      "integrity": "sha512-nucEstKS/b2xDOR1l8kH/f73Zkbhfwq3xbVcL14w1KZujC8pB2aCJ4OYDGSaxBXhWLKOaaO16bB/oLzfmQ8hqg==",
      "dev": true,
      "license": "MIT"
    }
  }
}
